
Microsoft Visual Studio Solution File, Format Version 12.00
# Visual Studio Version 16
VisualStudioVersion = 16.0.31624.102
MinimumVisualStudioVersion = 10.0.40219.1
Project("{9A19103F-16F7-4668-BE54-9A1E7A4F7556}") = "ProductsStore", "ProductsStore.csproj", "{6E532007-F760-47CC-8245-A4A78848CA4F}"
EndProject
Project("{FAE04EC0-301F-11D3-BF4B-00C04F79EFBC}") = "ProductsStore.UnitTests", "..\ProductsStore.UnitTests\ProductsStore.UnitTests.csproj", "{A32D754A-6492-4BBB-86B1-50BC7575AB49}"
EndProject
Global
	GlobalSection(SolutionConfigurationPlatforms) = preSolution
		Debug|Any CPU = Debug|Any CPU
		Release|Any CPU = Release|Any CPU
	EndGlobalSection
	GlobalSection(ProjectConfigurationPlatforms) = postSolution
		{6E532007-F760-47CC-8245-A4A78848CA4F}.Debug|Any CPU.ActiveCfg = Debug|Any CPU
		{6E532007-F760-47CC-8245-A4A78848CA4F}.Debug|Any CPU.Build.0 = Debug|Any CPU
		{6E532007-F760-47CC-8245-A4A78848CA4F}.Release|Any CPU.ActiveCfg = Release|Any CPU
		{6E532007-F760-47CC-8245-A4A78848CA4F}.Release|Any CPU.Build.0 = Release|Any CPU
		{A32D754A-6492-4BBB-86B1-50BC7575AB49}.Debug|Any CPU.ActiveCfg = Debug|Any CPU
		{A32D754A-6492-4BBB-86B1-50BC7575AB49}.Debug|Any CPU.Build.0 = Debug|Any CPU
		{A32D754A-6492-4BBB-86B1-50BC7575AB49}.Release|Any CPU.ActiveCfg = Release|Any CPU
		{A32D754A-6492-4BBB-86B1-50BC7575AB49}.Release|Any CPU.Build.0 = Release|Any CPU
	EndGlobalSection
	GlobalSection(SolutionProperties) = preSolution
		HideSolutionNode = FALSE
	EndGlobalSection
	GlobalSection(ExtensibilityGlobals) = postSolution
		SolutionGuid = {A26CB08B-640C-4CB2-97F0-0B457FAB800D}
	EndGlobalSection
EndGlobal
